
Microsoft Visual Studio Solution File, Format Version 12.00
# Visual Studio Version 16
VisualStudioVersion = 16.0.29102.190
MinimumVisualStudioVersion = 10.0.40219.1
Project("{FAE04EC0-301F-11D3-BF4B-00C04F79EFBC}") = "HelloWorld", "HelloWorld.csproj", "{715A77FB-F7A3-4F96-A725-FC825EA4FD42}"
EndProject
Global
	GlobalSection(SolutionConfigurationPlatforms) = preSolution
		Debug|Any CPU = Debug|Any CPU
		Release|Any CPU = Release|Any CPU
	EndGlobalSection
	GlobalSection(ProjectConfigurationPlatforms) = postSolution
		{715A77FB-F7A3-4F96-A725-FC825EA4FD42}.Debug|Any CPU.ActiveCfg = Debug|Any CPU
		{715A77FB-F7A3-4F96-A725-FC825EA4FD42}.Debug|Any CPU.Build.0 = Debug|Any CPU
		{715A77FB-F7A3-4F96-A725-FC825EA4FD42}.Release|Any CPU.ActiveCfg = Release|Any CPU
		{715A77FB-F7A3-4F96-A725-FC825EA4FD42}.Release|Any CPU.Build.0 = Release|Any CPU
	EndGlobalSection
	GlobalSection(SolutionProperties) = preSolution
		HideSolutionNode = FALSE
	EndGlobalSection
	GlobalSection(ExtensibilityGlobals) = postSolution
		SolutionGuid = {FA91C0C6-C9AB-461A-9E75-3820406EB8E1}
	EndGlobalSection
EndGlobal
